
Microsoft Visual Studio Solution File, Format Version 12.00
# Visual Studio Version 17
VisualStudioVersion = 17.11.35208.52
MinimumVisualStudioVersion = 10.0.40219.1
Project("{9A19103F-16F7-4668-BE54-9A1E7A4F7556}") = "Asana.CLI", "AsanaCLI\Asana.CLI.csproj", "{5091FEE1-6E06-4E24-8E49-0D771FFE24B4}"
EndProject
Global
	GlobalSection(SolutionConfigurationPlatforms) = preSolution
		Debug|Any CPU = Debug|Any CPU
		Release|Any CPU = Release|Any CPU
	EndGlobalSection
	GlobalSection(ProjectConfigurationPlatforms) = postSolution
		{5091FEE1-6E06-4E24-8E49-0D771FFE24B4}.Debug|Any CPU.ActiveCfg = Debug|Any CPU
		{5091FEE1-6E06-4E24-8E49-0D771FFE24B4}.Debug|Any CPU.Build.0 = Debug|Any CPU
		{5091FEE1-6E06-4E24-8E49-0D771FFE24B4}.Release|Any CPU.ActiveCfg = Release|Any CPU
		{5091FEE1-6E06-4E24-8E49-0D771FFE24B4}.Release|Any CPU.Build.0 = Release|Any CPU
	EndGlobalSection
	GlobalSection(SolutionProperties) = preSolution
		HideSolutionNode = FALSE
	EndGlobalSection
	GlobalSection(ExtensibilityGlobals) = postSolution
		SolutionGuid = {83CC358C-19C4-45CF-9822-12E6BBE829E1}
	EndGlobalSection
EndGlobal
